<?xml version="1.0" encoding="utf-8"?>
<Project ToolsVersion="4.0" xmlns="http://schemas.microsoft.com/developer/msbuild/2003">
  <ItemGroup>
    <Filter Include="Fish">
      <UniqueIdentifier>{EF3F857C-DB76-860D-8463-6C107079020F}</UniqueIdentifier>
    </Filter>
    <Filter Include="Fish\Events">
      <UniqueIdentifier>{F3C83325-5F7E-AC1A-E872-A6F15427A31E}</UniqueIdentifier>
    </Filter>
    <Filter Include="Fish\ImGui">
      <UniqueIdentifier>{59ACDFF1-4564-213F-AE6B-FA9A9A42BC2F}</UniqueIdentifier>
    </Filter>
    <Filter Include="Platform">
      <UniqueIdentifier>{2AC788B4-1694-E3BF-3FAD-D1672BD9184E}</UniqueIdentifier>
    </Filter>
    <Filter Include="Platform\OpenGL">
      <UniqueIdentifier>{1E7D2C1D-8A08-9AE1-9319-1DD6FF23F6E1}</UniqueIdentifier>
    </Filter>
  </ItemGroup>
  <ItemGroup>
    <ClInclude Include="src\Fish.h" />
    <ClInclude Include="src\Fish\Application.h">
      <Filter>Fish</Filter>
    </ClInclude>
    <ClInclude Include="src\Fish\Core.h">
      <Filter>Fish</Filter>
    </ClInclude>
    <ClInclude Include="src\Fish\EntryPoint.h">
      <Filter>Fish</Filter>
    </ClInclude>
    <ClInclude Include="src\Fish\Events\ApplicationEvent.h">
      <Filter>Fish\Events</Filter>
    </ClInclude>
    <ClInclude Include="src\Fish\Events\Event.h">
      <Filter>Fish\Events</Filter>
    </ClInclude>
    <ClInclude Include="src\Fish\Events\KeyEvent.h">
      <Filter>Fish\Events</Filter>
    </ClInclude>
    <ClInclude Include="src\Fish\Events\MouseEvent.h">
      <Filter>Fish\Events</Filter>
    </ClInclude>
    <ClInclude Include="src\Fish\ImGui\ImGuiLayer.h">
      <Filter>Fish\ImGui</Filter>
    </ClInclude>
    <ClInclude Include="src\Fish\Layer.h">
      <Filter>Fish</Filter>
    </ClInclude>
    <ClInclude Include="src\Fish\LayerStack.h">
      <Filter>Fish</Filter>
    </ClInclude>
    <ClInclude Include="src\Fish\Log.h">
      <Filter>Fish</Filter>
    </ClInclude>
    <ClInclude Include="src\Fish\Window.h">
      <Filter>Fish</Filter>
    </ClInclude>
    <ClInclude Include="src\Platform\OpenGL\ImGuiOpenGLRenderer.h">
      <Filter>Platform\OpenGL</Filter>
    </ClInclude>
    <ClInclude Include="src\Platform\Windows\WindowsWindow.h">
      <Filter>Platform</Filter>
    </ClInclude>
    <ClInclude Include="src\fishpch.h" />
    <ClInclude Include="src\Fish\Input.h" />
    <ClInclude Include="src\Platform\Windows\WindowsInput.h" />
    <ClInclude Include="src\Fish\KeyCodes.h" />
    <ClInclude Include="src\Fish\MouseButtonCodes.h" />
  </ItemGroup>
  <ItemGroup>
    <ClCompile Include="src\Fish\Application.cpp">
      <Filter>Fish</Filter>
    </ClCompile>
    <ClCompile Include="src\Fish\ImGui\ImGuiLayer.cpp">
      <Filter>Fish\ImGui</Filter>
    </ClCompile>
    <ClCompile Include="src\Fish\Layer.cpp">
      <Filter>Fish</Filter>
    </ClCompile>
    <ClCompile Include="src\Fish\LayerStack.cpp">
      <Filter>Fish</Filter>
    </ClCompile>
    <ClCompile Include="src\Fish\Log.cpp">
      <Filter>Fish</Filter>
    </ClCompile>
    <ClCompile Include="src\Platform\OpenGL\ImGuiOpenGLRenderer.cpp">
      <Filter>Platform\OpenGL</Filter>
    </ClCompile>
    <ClCompile Include="src\Platform\Windows\WindowsWindow.cpp">
      <Filter>Platform</Filter>
    </ClCompile>
    <ClCompile Include="src\fishpch.cpp" />
    <ClCompile Include="src\Platform\Windows\WindowsInput.cpp" />
  </ItemGroup>
</Project>